
Microsoft Visual Studio Solution File, Format Version 12.00
# Visual Studio Version 17
VisualStudioVersion = 17.2.32630.192
MinimumVisualStudioVersion = 10.0.40219.1
Project("{9A19103F-16F7-4668-BE54-9A1E7A4F7556}") = "TMS.NET15.FileServer", "TMS.NET15.FileServer.csproj", "{51144AB5-E5D2-4F89-AA66-A53B07D2972E}"
EndProject
Global
	GlobalSection(SolutionConfigurationPlatforms) = preSolution
		Debug|Any CPU = Debug|Any CPU
		Release|Any CPU = Release|Any CPU
	EndGlobalSection
	GlobalSection(ProjectConfigurationPlatforms) = postSolution
		{51144AB5-E5D2-4F89-AA66-A53B07D2972E}.Debug|Any CPU.ActiveCfg = Debug|Any CPU
		{51144AB5-E5D2-4F89-AA66-A53B07D2972E}.Debug|Any CPU.Build.0 = Debug|Any CPU
		{51144AB5-E5D2-4F89-AA66-A53B07D2972E}.Release|Any CPU.ActiveCfg = Release|Any CPU
		{51144AB5-E5D2-4F89-AA66-A53B07D2972E}.Release|Any CPU.Build.0 = Release|Any CPU
	EndGlobalSection
	GlobalSection(SolutionProperties) = preSolution
		HideSolutionNode = FALSE
	EndGlobalSection
	GlobalSection(ExtensibilityGlobals) = postSolution
		SolutionGuid = {2472AA31-A16E-4054-B443-638DCFD38CAE}
	EndGlobalSection
EndGlobal
