
Microsoft Visual Studio Solution File, Format Version 12.00
# Visual Studio Version 17
VisualStudioVersion = 17.1.32414.318
MinimumVisualStudioVersion = 10.0.40219.1
Project("{9A19103F-16F7-4668-BE54-9A1E7A4F7556}") = "TMS.NET15.Lesson13.Multithreading", "Lesson-13-Multithreading\TMS.NET15.Lesson13.Multithreading\TMS.NET15.Lesson13.Multithreading.csproj", "{09D31566-E644-4A16-B8CA-723B4129FA6D}"
EndProject
Project("{9A19103F-16F7-4668-BE54-9A1E7A4F7556}") = "TMS.NET15.Lesson14.ParallelProgramming", "Lesson-14-ParallelProgramming\TMS.NET15.Lesson14.ParallelProgramming\TMS.NET15.Lesson14.ParallelProgramming.csproj", "{042388E9-F987-493D-B0B0-B046A8EED19A}"
EndProject
Project("{9A19103F-16F7-4668-BE54-9A1E7A4F7556}") = "TMS.NET15.Lesson15.AsyncAwait", "Lesson-15-AsyncAwait\TMS.NET15.Lesson15.AsyncAwait\TMS.NET15.Lesson15.AsyncAwait.csproj", "{CAF480D5-E07A-4C9C-B603-5C0B6B164F56}"
EndProject
Project("{9A19103F-16F7-4668-BE54-9A1E7A4F7556}") = "TMS.NET15.Lesson15.AsyncAwait.Wpf", "Lesson-15-AsyncAwait.Wpf\TMS.NET15.Lesson15.AsyncAwait.Wpf.csproj", "{A6C8A46F-9BB8-4634-9523-19A3BC08774F}"
EndProject
Global
	GlobalSection(SolutionConfigurationPlatforms) = preSolution
		Debug|Any CPU = Debug|Any CPU
		Release|Any CPU = Release|Any CPU
	EndGlobalSection
	GlobalSection(ProjectConfigurationPlatforms) = postSolution
		{09D31566-E644-4A16-B8CA-723B4129FA6D}.Debug|Any CPU.ActiveCfg = Debug|Any CPU
		{09D31566-E644-4A16-B8CA-723B4129FA6D}.Debug|Any CPU.Build.0 = Debug|Any CPU
		{09D31566-E644-4A16-B8CA-723B4129FA6D}.Release|Any CPU.ActiveCfg = Release|Any CPU
		{09D31566-E644-4A16-B8CA-723B4129FA6D}.Release|Any CPU.Build.0 = Release|Any CPU
		{042388E9-F987-493D-B0B0-B046A8EED19A}.Debug|Any CPU.ActiveCfg = Debug|Any CPU
		{042388E9-F987-493D-B0B0-B046A8EED19A}.Debug|Any CPU.Build.0 = Debug|Any CPU
		{042388E9-F987-493D-B0B0-B046A8EED19A}.Release|Any CPU.ActiveCfg = Release|Any CPU
		{042388E9-F987-493D-B0B0-B046A8EED19A}.Release|Any CPU.Build.0 = Release|Any CPU
		{CAF480D5-E07A-4C9C-B603-5C0B6B164F56}.Debug|Any CPU.ActiveCfg = Debug|Any CPU
		{CAF480D5-E07A-4C9C-B603-5C0B6B164F56}.Debug|Any CPU.Build.0 = Debug|Any CPU
		{CAF480D5-E07A-4C9C-B603-5C0B6B164F56}.Release|Any CPU.ActiveCfg = Release|Any CPU
		{CAF480D5-E07A-4C9C-B603-5C0B6B164F56}.Release|Any CPU.Build.0 = Release|Any CPU
		{A6C8A46F-9BB8-4634-9523-19A3BC08774F}.Debug|Any CPU.ActiveCfg = Debug|Any CPU
		{A6C8A46F-9BB8-4634-9523-19A3BC08774F}.Debug|Any CPU.Build.0 = Debug|Any CPU
		{A6C8A46F-9BB8-4634-9523-19A3BC08774F}.Release|Any CPU.ActiveCfg = Release|Any CPU
		{A6C8A46F-9BB8-4634-9523-19A3BC08774F}.Release|Any CPU.Build.0 = Release|Any CPU
	EndGlobalSection
	GlobalSection(SolutionProperties) = preSolution
		HideSolutionNode = FALSE
	EndGlobalSection
	GlobalSection(ExtensibilityGlobals) = postSolution
		SolutionGuid = {E48DEFF8-5197-49BC-B137-F246C65079F8}
	EndGlobalSection
EndGlobal
