
Microsoft Visual Studio Solution File, Format Version 12.00
# Visual Studio Version 17
VisualStudioVersion = 17.1.32414.318
MinimumVisualStudioVersion = 10.0.40219.1
Project("{9A19103F-16F7-4668-BE54-9A1E7A4F7556}") = "meet_room", "meet_room.csproj", "{18B8CA97-E604-48EC-A84E-FB87AE4D5CC2}"
EndProject
Project("{FAE04EC0-301F-11D3-BF4B-00C04F79EFBC}") = "NewMvcIdentity", "..\NewMvcIdentity\NewMvcIdentity.csproj", "{D96D15A7-5A8D-484F-9946-C7D4BEEB83A4}"
EndProject
Project("{9A19103F-16F7-4668-BE54-9A1E7A4F7556}") = "WebAppIdentity", "..\WebAppIdentity\WebAppIdentity.csproj", "{627DDF72-7DF5-40D9-A5BC-398211E0E5B3}"
EndProject
Global
	GlobalSection(SolutionConfigurationPlatforms) = preSolution
		Debug|Any CPU = Debug|Any CPU
		Release|Any CPU = Release|Any CPU
	EndGlobalSection
	GlobalSection(ProjectConfigurationPlatforms) = postSolution
		{18B8CA97-E604-48EC-A84E-FB87AE4D5CC2}.Debug|Any CPU.ActiveCfg = Debug|Any CPU
		{18B8CA97-E604-48EC-A84E-FB87AE4D5CC2}.Debug|Any CPU.Build.0 = Debug|Any CPU
		{18B8CA97-E604-48EC-A84E-FB87AE4D5CC2}.Release|Any CPU.ActiveCfg = Release|Any CPU
		{18B8CA97-E604-48EC-A84E-FB87AE4D5CC2}.Release|Any CPU.Build.0 = Release|Any CPU
		{D96D15A7-5A8D-484F-9946-C7D4BEEB83A4}.Debug|Any CPU.ActiveCfg = Debug|Any CPU
		{D96D15A7-5A8D-484F-9946-C7D4BEEB83A4}.Debug|Any CPU.Build.0 = Debug|Any CPU
		{D96D15A7-5A8D-484F-9946-C7D4BEEB83A4}.Release|Any CPU.ActiveCfg = Release|Any CPU
		{D96D15A7-5A8D-484F-9946-C7D4BEEB83A4}.Release|Any CPU.Build.0 = Release|Any CPU
		{627DDF72-7DF5-40D9-A5BC-398211E0E5B3}.Debug|Any CPU.ActiveCfg = Debug|Any CPU
		{627DDF72-7DF5-40D9-A5BC-398211E0E5B3}.Debug|Any CPU.Build.0 = Debug|Any CPU
		{627DDF72-7DF5-40D9-A5BC-398211E0E5B3}.Release|Any CPU.ActiveCfg = Release|Any CPU
		{627DDF72-7DF5-40D9-A5BC-398211E0E5B3}.Release|Any CPU.Build.0 = Release|Any CPU
	EndGlobalSection
	GlobalSection(SolutionProperties) = preSolution
		HideSolutionNode = FALSE
	EndGlobalSection
	GlobalSection(ExtensibilityGlobals) = postSolution
		SolutionGuid = {4AF5E3C2-2C76-4E85-88F3-608307E2B613}
	EndGlobalSection
EndGlobal
