
Microsoft Visual Studio Solution File, Format Version 12.00
# Visual Studio Version 17
VisualStudioVersion = 17.1.32414.318
MinimumVisualStudioVersion = 10.0.40219.1
Project("{9A19103F-16F7-4668-BE54-9A1E7A4F7556}") = "Lesson-8-ProductInteraction", "Lesson-8-ProductInteraction.csproj", "{CBF69CDE-1B11-4736-AFFB-50EF2A789F42}"
EndProject
Project("{9A19103F-16F7-4668-BE54-9A1E7A4F7556}") = "Lesson-8-ATM-Advanced", "..\Lesson-8-ATM-Advanced\Lesson-8-ATM-Advanced.csproj", "{5B4098CF-7ED3-425C-923E-E9181F6169CD}"
EndProject
Global
	GlobalSection(SolutionConfigurationPlatforms) = preSolution
		Debug|Any CPU = Debug|Any CPU
		Release|Any CPU = Release|Any CPU
	EndGlobalSection
	GlobalSection(ProjectConfigurationPlatforms) = postSolution
		{CBF69CDE-1B11-4736-AFFB-50EF2A789F42}.Debug|Any CPU.ActiveCfg = Debug|Any CPU
		{CBF69CDE-1B11-4736-AFFB-50EF2A789F42}.Debug|Any CPU.Build.0 = Debug|Any CPU
		{CBF69CDE-1B11-4736-AFFB-50EF2A789F42}.Release|Any CPU.ActiveCfg = Release|Any CPU
		{CBF69CDE-1B11-4736-AFFB-50EF2A789F42}.Release|Any CPU.Build.0 = Release|Any CPU
		{5B4098CF-7ED3-425C-923E-E9181F6169CD}.Debug|Any CPU.ActiveCfg = Debug|Any CPU
		{5B4098CF-7ED3-425C-923E-E9181F6169CD}.Debug|Any CPU.Build.0 = Debug|Any CPU
		{5B4098CF-7ED3-425C-923E-E9181F6169CD}.Release|Any CPU.ActiveCfg = Release|Any CPU
		{5B4098CF-7ED3-425C-923E-E9181F6169CD}.Release|Any CPU.Build.0 = Release|Any CPU
	EndGlobalSection
	GlobalSection(SolutionProperties) = preSolution
		HideSolutionNode = FALSE
	EndGlobalSection
	GlobalSection(ExtensibilityGlobals) = postSolution
		SolutionGuid = {EA93CA4A-5798-4732-A485-B9CF517E7F06}
	EndGlobalSection
EndGlobal
